// !$*UTF8*$!
{
	archiveVersion = 1;
	classes = {
	};
	objectVersion = 50;
	objects = {

/* Begin PBXBuildFile section */
		D64B6A392327372C0003EA1D /* AppDelegate.swift in Sources */ = {isa = PBXBuildFile; fileRef = D64B6A382327372C0003EA1D /* AppDelegate.swift */; };
		D64B6A3E2327372C0003EA1D /* Main.storyboard in Resources */ = {isa = PBXBuildFile; fileRef = D64B6A3C2327372C0003EA1D /* Main.storyboard */; };
		D64B6A402327372C0003EA1D /* Assets.xcassets in Resources */ = {isa = PBXBuildFile; fileRef = D64B6A3F2327372C0003EA1D /* Assets.xcassets */; };
		D64B6A432327372C0003EA1D /* LaunchScreen.storyboard in Resources */ = {isa = PBXBuildFile; fileRef = D64B6A412327372C0003EA1D /* LaunchScreen.storyboard */; };
		D64B6A5C232737E30003EA1D /* RPN.framework in Frameworks */ = {isa = PBXBuildFile; fileRef = D64B6A5B232737B10003EA1D /* RPN.framework */; };
		D64B6A5D232737E30003EA1D /* RPN.framework in Embed Frameworks */ = {isa = PBXBuildFile; fileRef = D64B6A5B232737B10003EA1D /* RPN.framework */; settings = {ATTRIBUTES = (CodeSignOnCopy, RemoveHeadersOnCopy, ); }; };
		D64B6A69232748A00003EA1D /* CalculatorViewController.swift in Sources */ = {isa = PBXBuildFile; fileRef = D64B6A68232748A00003EA1D /* CalculatorViewController.swift */; };
		D6FC63B623989E9400CEB35C /* NotificationCenter.framework in Frameworks */ = {isa = PBXBuildFile; fileRef = D6FC63A023989E1F00CEB35C /* NotificationCenter.framework */; };
		D6FC63B923989E9400CEB35C /* TodayViewController.swift in Sources */ = {isa = PBXBuildFile; fileRef = D6FC63B823989E9400CEB35C /* TodayViewController.swift */; };
		D6FC63BC23989E9400CEB35C /* MainInterface.storyboard in Resources */ = {isa = PBXBuildFile; fileRef = D6FC63BA23989E9400CEB35C /* MainInterface.storyboard */; };
		D6FC63C023989E9400CEB35C /* RPN Widget.appex in Embed App Extensions */ = {isa = PBXBuildFile; fileRef = D6FC63B523989E9400CEB35C /* RPN Widget.appex */; settings = {ATTRIBUTES = (RemoveHeadersOnCopy, ); }; };
		D6FC63C423989EB900CEB35C /* RPN.framework in Frameworks */ = {isa = PBXBuildFile; fileRef = D64B6A5B232737B10003EA1D /* RPN.framework */; };
		D6FC63C523989EB900CEB35C /* RPN.framework in Embed Frameworks */ = {isa = PBXBuildFile; fileRef = D64B6A5B232737B10003EA1D /* RPN.framework */; settings = {ATTRIBUTES = (CodeSignOnCopy, RemoveHeadersOnCopy, ); }; };
/* End PBXBuildFile section */

/* Begin PBXContainerItemProxy section */
		D64B6A5A232737B10003EA1D /* PBXContainerItemProxy */ = {
			isa = PBXContainerItemProxy;
			containerPortal = D64B6A56232737B00003EA1D /* RPN.xcodeproj */;
			proxyType = 2;
			remoteGlobalIDString = D64B6A21232736B30003EA1D;
			remoteInfo = RPN;
		};
		D64B6A5E232737E30003EA1D /* PBXContainerItemProxy */ = {
			isa = PBXContainerItemProxy;
			containerPortal = D64B6A56232737B00003EA1D /* RPN.xcodeproj */;
			proxyType = 1;
			remoteGlobalIDString = D64B6A20232736B30003EA1D;
			remoteInfo = RPN;
		};
		D6FC63BE23989E9400CEB35C /* PBXContainerItemProxy */ = {
			isa = PBXContainerItemProxy;
			containerPortal = D64B6A2D2327372B0003EA1D /* Project object */;
			proxyType = 1;
			remoteGlobalIDString = D6FC63B423989E9400CEB35C;
			remoteInfo = "RPN Widget";
		};
/* End PBXContainerItemProxy section */

/* Begin PBXCopyFilesBuildPhase section */
		D64B6A60232737E30003EA1D /* Embed Frameworks */ = {
			isa = PBXCopyFilesBuildPhase;
			buildActionMask = 2147483647;
			dstPath = "";
			dstSubfolderSpec = 10;
			files = (
				D64B6A5D232737E30003EA1D /* RPN.framework in Embed Frameworks */,
			);
			name = "Embed Frameworks";
			runOnlyForDeploymentPostprocessing = 0;
		};
		D6FC63AC23989E1F00CEB35C /* Embed App Extensions */ = {
			isa = PBXCopyFilesBuildPhase;
			buildActionMask = 2147483647;
			dstPath = "";
			dstSubfolderSpec = 13;
			files = (
				D6FC63C023989E9400CEB35C /* RPN Widget.appex in Embed App Extensions */,
			);
			name = "Embed App Extensions";
			runOnlyForDeploymentPostprocessing = 0;
		};
		D6FC63C623989EB900CEB35C /* Embed Frameworks */ = {
			isa = PBXCopyFilesBuildPhase;
			buildActionMask = 2147483647;
			dstPath = "";
			dstSubfolderSpec = 10;
			files = (
				D6FC63C523989EB900CEB35C /* RPN.framework in Embed Frameworks */,
			);
			name = "Embed Frameworks";
			runOnlyForDeploymentPostprocessing = 0;
		};
/* End PBXCopyFilesBuildPhase section */

/* Begin PBXFileReference section */
		D64B6A352327372B0003EA1D /* Calculator.app */ = {isa = PBXFileReference; explicitFileType = wrapper.application; includeInIndex = 0; path = Calculator.app; sourceTree = BUILT_PRODUCTS_DIR; };
		D64B6A382327372C0003EA1D /* AppDelegate.swift */ = {isa = PBXFileReference; lastKnownFileType = sourcecode.swift; path = AppDelegate.swift; sourceTree = "<group>"; };
		D64B6A3D2327372C0003EA1D /* Base */ = {isa = PBXFileReference; lastKnownFileType = file.storyboard; name = Base; path = Base.lproj/Main.storyboard; sourceTree = "<group>"; };
		D64B6A3F2327372C0003EA1D /* Assets.xcassets */ = {isa = PBXFileReference; lastKnownFileType = folder.assetcatalog; path = Assets.xcassets; sourceTree = "<group>"; };
		D64B6A422327372C0003EA1D /* Base */ = {isa = PBXFileReference; lastKnownFileType = file.storyboard; name = Base; path = Base.lproj/LaunchScreen.storyboard; sourceTree = "<group>"; };
		D64B6A442327372C0003EA1D /* Info.plist */ = {isa = PBXFileReference; lastKnownFileType = text.plist.xml; path = Info.plist; sourceTree = "<group>"; };
		D64B6A56232737B00003EA1D /* RPN.xcodeproj */ = {isa = PBXFileReference; lastKnownFileType = "wrapper.pb-project"; name = RPN.xcodeproj; path = ../../RPN/RPN.xcodeproj; sourceTree = "<group>"; };
		D64B6A68232748A00003EA1D /* CalculatorViewController.swift */ = {isa = PBXFileReference; lastKnownFileType = sourcecode.swift; path = CalculatorViewController.swift; sourceTree = "<group>"; };
		D6FC63A023989E1F00CEB35C /* NotificationCenter.framework */ = {isa = PBXFileReference; lastKnownFileType = wrapper.framework; name = NotificationCenter.framework; path = System/Library/Frameworks/NotificationCenter.framework; sourceTree = SDKROOT; };
		D6FC63B523989E9400CEB35C /* RPN Widget.appex */ = {isa = PBXFileReference; explicitFileType = "wrapper.app-extension"; includeInIndex = 0; path = "RPN Widget.appex"; sourceTree = BUILT_PRODUCTS_DIR; };
		D6FC63B823989E9400CEB35C /* TodayViewController.swift */ = {isa = PBXFileReference; lastKnownFileType = sourcecode.swift; path = TodayViewController.swift; sourceTree = "<group>"; };
		D6FC63BB23989E9400CEB35C /* Base */ = {isa = PBXFileReference; lastKnownFileType = file.storyboard; name = Base; path = Base.lproj/MainInterface.storyboard; sourceTree = "<group>"; };
		D6FC63BD23989E9400CEB35C /* Info.plist */ = {isa = PBXFileReference; lastKnownFileType = text.plist.xml; path = Info.plist; sourceTree = "<group>"; };
/* End PBXFileReference section */

/* Begin PBXFrameworksBuildPhase section */
		D64B6A322327372B0003EA1D /* Frameworks */ = {
			isa = PBXFrameworksBuildPhase;
			buildActionMask = 2147483647;
			files = (
				D64B6A5C232737E30003EA1D /* RPN.framework in Frameworks */,
			);
			runOnlyForDeploymentPostprocessing = 0;
		};
		D6FC63B223989E9400CEB35C /* Frameworks */ = {
			isa = PBXFrameworksBuildPhase;
			buildActionMask = 2147483647;
			files = (
				D6FC63B623989E9400CEB35C /* NotificationCenter.framework in Frameworks */,
				D6FC63C423989EB900CEB35C /* RPN.framework in Frameworks */,
			);
			runOnlyForDeploymentPostprocessing = 0;
		};
/* End PBXFrameworksBuildPhase section */

/* Begin PBXGroup section */
		D64B6A2C2327372B0003EA1D = {
			isa = PBXGroup;
			children = (
				D64B6A372327372B0003EA1D /* Calculator */,
				D6FC63B723989E9400CEB35C /* RPN Widget */,
				D64B6A50232737710003EA1D /* Frameworks */,
				D64B6A362327372B0003EA1D /* Products */,
			);
			sourceTree = "<group>";
		};
		D64B6A362327372B0003EA1D /* Products */ = {
			isa = PBXGroup;
			children = (
				D64B6A352327372B0003EA1D /* Calculator.app */,
				D6FC63B523989E9400CEB35C /* RPN Widget.appex */,
			);
			name = Products;
			sourceTree = "<group>";
		};
		D64B6A372327372B0003EA1D /* Calculator */ = {
			isa = PBXGroup;
			children = (
				D64B6A382327372C0003EA1D /* AppDelegate.swift */,
				D64B6A3C2327372C0003EA1D /* Main.storyboard */,
				D64B6A3F2327372C0003EA1D /* Assets.xcassets */,
				D64B6A412327372C0003EA1D /* LaunchScreen.storyboard */,
				D64B6A442327372C0003EA1D /* Info.plist */,
				D64B6A68232748A00003EA1D /* CalculatorViewController.swift */,
			);
			path = Calculator;
			sourceTree = "<group>";
		};
		D64B6A50232737710003EA1D /* Frameworks */ = {
			isa = PBXGroup;
			children = (
				D64B6A56232737B00003EA1D /* RPN.xcodeproj */,
				D6FC63A023989E1F00CEB35C /* NotificationCenter.framework */,
			);
			path = Frameworks;
			sourceTree = "<group>";
		};
		D64B6A57232737B00003EA1D /* Products */ = {
			isa = PBXGroup;
			children = (
				D64B6A5B232737B10003EA1D /* RPN.framework */,
			);
			name = Products;
			sourceTree = "<group>";
		};
		D6FC63B723989E9400CEB35C /* RPN Widget */ = {
			isa = PBXGroup;
			children = (
				D6FC63B823989E9400CEB35C /* TodayViewController.swift */,
				D6FC63BA23989E9400CEB35C /* MainInterface.storyboard */,
				D6FC63BD23989E9400CEB35C /* Info.plist */,
			);
			path = "RPN Widget";
			sourceTree = "<group>";
		};
/* End PBXGroup section */

/* Begin PBXNativeTarget section */
		D64B6A342327372B0003EA1D /* Calculator */ = {
			isa = PBXNativeTarget;
			buildConfigurationList = D64B6A472327372C0003EA1D /* Build configuration list for PBXNativeTarget "Calculator" */;
			buildPhases = (
				D64B6A312327372B0003EA1D /* Sources */,
				D64B6A322327372B0003EA1D /* Frameworks */,
				D64B6A332327372B0003EA1D /* Resources */,
				D64B6A60232737E30003EA1D /* Embed Frameworks */,
				D6FC63AC23989E1F00CEB35C /* Embed App Extensions */,
			);
			buildRules = (
			);
			dependencies = (
				D64B6A5F232737E30003EA1D /* PBXTargetDependency */,
				D6FC63BF23989E9400CEB35C /* PBXTargetDependency */,
			);
			name = Calculator;
			productName = Calculator;
			productReference = D64B6A352327372B0003EA1D /* Calculator.app */;
			productType = "com.apple.product-type.application";
		};
		D6FC63B423989E9400CEB35C /* RPN Widget */ = {
			isa = PBXNativeTarget;
			buildConfigurationList = D6FC63C123989E9400CEB35C /* Build configuration list for PBXNativeTarget "RPN Widget" */;
			buildPhases = (
				D6FC63B123989E9400CEB35C /* Sources */,
				D6FC63B223989E9400CEB35C /* Frameworks */,
				D6FC63B323989E9400CEB35C /* Resources */,
				D6FC63C623989EB900CEB35C /* Embed Frameworks */,
			);
			buildRules = (
			);
			dependencies = (
			);
			name = "RPN Widget";
			productName = "RPN Widget";
			productReference = D6FC63B523989E9400CEB35C /* RPN Widget.appex */;
			productType = "com.apple.product-type.app-extension";
		};
/* End PBXNativeTarget section */

/* Begin PBXProject section */
		D64B6A2D2327372B0003EA1D /* Project object */ = {
			isa = PBXProject;
			attributes = {
				LastSwiftUpdateCheck = 1120;
				LastUpgradeCheck = 1030;
				ORGANIZATIONNAME = "Michael Stoffer";
				TargetAttributes = {
					D64B6A342327372B0003EA1D = {
						CreatedOnToolsVersion = 10.3;
					};
					D6FC63B423989E9400CEB35C = {
						CreatedOnToolsVersion = 11.2.1;
					};
				};
			};
			buildConfigurationList = D64B6A302327372B0003EA1D /* Build configuration list for PBXProject "Calculator" */;
			compatibilityVersion = "Xcode 9.3";
			developmentRegion = en;
			hasScannedForEncodings = 0;
			knownRegions = (
				en,
				Base,
			);
			mainGroup = D64B6A2C2327372B0003EA1D;
			productRefGroup = D64B6A362327372B0003EA1D /* Products */;
			projectDirPath = "";
			projectReferences = (
				{
					ProductGroup = D64B6A57232737B00003EA1D /* Products */;
					ProjectRef = D64B6A56232737B00003EA1D /* RPN.xcodeproj */;
				},
			);
			projectRoot = "";
			targets = (
				D64B6A342327372B0003EA1D /* Calculator */,
				D6FC63B423989E9400CEB35C /* RPN Widget */,
			);
		};
/* End PBXProject section */

/* Begin PBXReferenceProxy section */
		D64B6A5B232737B10003EA1D /* RPN.framework */ = {
			isa = PBXReferenceProxy;
			fileType = wrapper.framework;
			path = RPN.framework;
			remoteRef = D64B6A5A232737B10003EA1D /* PBXContainerItemProxy */;
			sourceTree = BUILT_PRODUCTS_DIR;
		};
/* End PBXReferenceProxy section */

/* Begin PBXResourcesBuildPhase section */
		D64B6A332327372B0003EA1D /* Resources */ = {
			isa = PBXResourcesBuildPhase;
			buildActionMask = 2147483647;
			files = (
				D64B6A432327372C0003EA1D /* LaunchScreen.storyboard in Resources */,
				D64B6A402327372C0003EA1D /* Assets.xcassets in Resources */,
				D64B6A3E2327372C0003EA1D /* Main.storyboard in Resources */,
			);
			runOnlyForDeploymentPostprocessing = 0;
		};
		D6FC63B323989E9400CEB35C /* Resources */ = {
			isa = PBXResourcesBuildPhase;
			buildActionMask = 2147483647;
			files = (
				D6FC63BC23989E9400CEB35C /* MainInterface.storyboard in Resources */,
			);
			runOnlyForDeploymentPostprocessing = 0;
		};
/* End PBXResourcesBuildPhase section */

/* Begin PBXSourcesBuildPhase section */
		D64B6A312327372B0003EA1D /* Sources */ = {
			isa = PBXSourcesBuildPhase;
			buildActionMask = 2147483647;
			files = (
				D64B6A69232748A00003EA1D /* CalculatorViewController.swift in Sources */,
				D64B6A392327372C0003EA1D /* AppDelegate.swift in Sources */,
			);
			runOnlyForDeploymentPostprocessing = 0;
		};
		D6FC63B123989E9400CEB35C /* Sources */ = {
			isa = PBXSourcesBuildPhase;
			buildActionMask = 2147483647;
			files = (
				D6FC63B923989E9400CEB35C /* TodayViewController.swift in Sources */,
			);
			runOnlyForDeploymentPostprocessing = 0;
		};
/* End PBXSourcesBuildPhase section */

/* Begin PBXTargetDependency section */
		D64B6A5F232737E30003EA1D /* PBXTargetDependency */ = {
			isa = PBXTargetDependency;
			name = RPN;
			targetProxy = D64B6A5E232737E30003EA1D /* PBXContainerItemProxy */;
		};
		D6FC63BF23989E9400CEB35C /* PBXTargetDependency */ = {
			isa = PBXTargetDependency;
			target = D6FC63B423989E9400CEB35C /* RPN Widget */;
			targetProxy = D6FC63BE23989E9400CEB35C /* PBXContainerItemProxy */;
		};
/* End PBXTargetDependency section */

/* Begin PBXVariantGroup section */
		D64B6A3C2327372C0003EA1D /* Main.storyboard */ = {
			isa = PBXVariantGroup;
			children = (
				D64B6A3D2327372C0003EA1D /* Base */,
			);
			name = Main.storyboard;
			sourceTree = "<group>";
		};
		D64B6A412327372C0003EA1D /* LaunchScreen.storyboard */ = {
			isa = PBXVariantGroup;
			children = (
				D64B6A422327372C0003EA1D /* Base */,
			);
			name = LaunchScreen.storyboard;
			sourceTree = "<group>";
		};
		D6FC63BA23989E9400CEB35C /* MainInterface.storyboard */ = {
			isa = PBXVariantGroup;
			children = (
				D6FC63BB23989E9400CEB35C /* Base */,
			);
			name = MainInterface.storyboard;
			sourceTree = "<group>";
		};
/* End PBXVariantGroup section */

/* Begin XCBuildConfiguration section */
		D64B6A452327372C0003EA1D /* Debug */ = {
			isa = XCBuildConfiguration;
			buildSettings = {
				ALWAYS_SEARCH_USER_PATHS = NO;
				CLANG_ANALYZER_NONNULL = YES;
				CLANG_ANALYZER_NUMBER_OBJECT_CONVERSION = YES_AGGRESSIVE;
				CLANG_CXX_LANGUAGE_STANDARD = "gnu++14";
				CLANG_CXX_LIBRARY = "libc++";
				CLANG_ENABLE_MODULES = YES;
				CLANG_ENABLE_OBJC_ARC = YES;
				CLANG_ENABLE_OBJC_WEAK = YES;
				CLANG_WARN_BLOCK_CAPTURE_AUTORELEASING = YES;
				CLANG_WARN_BOOL_CONVERSION = YES;
				CLANG_WARN_COMMA = YES;
				CLANG_WARN_CONSTANT_CONVERSION = YES;
				CLANG_WARN_DEPRECATED_OBJC_IMPLEMENTATIONS = YES;
				CLANG_WARN_DIRECT_OBJC_ISA_USAGE = YES_ERROR;
				CLANG_WARN_DOCUMENTATION_COMMENTS = YES;
				CLANG_WARN_EMPTY_BODY = YES;
				CLANG_WARN_ENUM_CONVERSION = YES;
				CLANG_WARN_INFINITE_RECURSION = YES;
				CLANG_WARN_INT_CONVERSION = YES;
				CLANG_WARN_NON_LITERAL_NULL_CONVERSION = YES;
				CLANG_WARN_OBJC_IMPLICIT_RETAIN_SELF = YES;
				CLANG_WARN_OBJC_LITERAL_CONVERSION = YES;
				CLANG_WARN_OBJC_ROOT_CLASS = YES_ERROR;
				CLANG_WARN_RANGE_LOOP_ANALYSIS = YES;
				CLANG_WARN_STRICT_PROTOTYPES = YES;
				CLANG_WARN_SUSPICIOUS_MOVE = YES;
				CLANG_WARN_UNGUARDED_AVAILABILITY = YES_AGGRESSIVE;
				CLANG_WARN_UNREACHABLE_CODE = YES;
				CLANG_WARN__DUPLICATE_METHOD_MATCH = YES;
				CODE_SIGN_IDENTITY = "iPhone Developer";
				COPY_PHASE_STRIP = NO;
				DEBUG_INFORMATION_FORMAT = dwarf;
				ENABLE_STRICT_OBJC_MSGSEND = YES;
				ENABLE_TESTABILITY = YES;
				GCC_C_LANGUAGE_STANDARD = gnu11;
				GCC_DYNAMIC_NO_PIC = NO;
				GCC_NO_COMMON_BLOCKS = YES;
				GCC_OPTIMIZATION_LEVEL = 0;
				GCC_PREPROCESSOR_DEFINITIONS = (
					"DEBUG=1",
					"$(inherited)",
				);
				GCC_WARN_64_TO_32_BIT_CONVERSION = YES;
				GCC_WARN_ABOUT_RETURN_TYPE = YES_ERROR;
				GCC_WARN_UNDECLARED_SELECTOR = YES;
				GCC_WARN_UNINITIALIZED_AUTOS = YES_AGGRESSIVE;
				GCC_WARN_UNUSED_FUNCTION = YES;
				GCC_WARN_UNUSED_VARIABLE = YES;
				IPHONEOS_DEPLOYMENT_TARGET = 12.4;
				MTL_ENABLE_DEBUG_INFO = INCLUDE_SOURCE;
				MTL_FAST_MATH = YES;
				ONLY_ACTIVE_ARCH = YES;
				SDKROOT = iphoneos;
				SWIFT_ACTIVE_COMPILATION_CONDITIONS = DEBUG;
				SWIFT_OPTIMIZATION_LEVEL = "-Onone";
			};
			name = Debug;
		};
		D64B6A462327372C0003EA1D /* Release */ = {
			isa = XCBuildConfiguration;
			buildSettings = {
				ALWAYS_SEARCH_USER_PATHS = NO;
				CLANG_ANALYZER_NONNULL = YES;
				CLANG_ANALYZER_NUMBER_OBJECT_CONVERSION = YES_AGGRESSIVE;
				CLANG_CXX_LANGUAGE_STANDARD = "gnu++14";
				CLANG_CXX_LIBRARY = "libc++";
				CLANG_ENABLE_MODULES = YES;
				CLANG_ENABLE_OBJC_ARC = YES;
				CLANG_ENABLE_OBJC_WEAK = YES;
				CLANG_WARN_BLOCK_CAPTURE_AUTORELEASING = YES;
				CLANG_WARN_BOOL_CONVERSION = YES;
				CLANG_WARN_COMMA = YES;
				CLANG_WARN_CONSTANT_CONVERSION = YES;
				CLANG_WARN_DEPRECATED_OBJC_IMPLEMENTATIONS = YES;
				CLANG_WARN_DIRECT_OBJC_ISA_USAGE = YES_ERROR;
				CLANG_WARN_DOCUMENTATION_COMMENTS = YES;
				CLANG_WARN_EMPTY_BODY = YES;
				CLANG_WARN_ENUM_CONVERSION = YES;
				CLANG_WARN_INFINITE_RECURSION = YES;
				CLANG_WARN_INT_CONVERSION = YES;
				CLANG_WARN_NON_LITERAL_NULL_CONVERSION = YES;
				CLANG_WARN_OBJC_IMPLICIT_RETAIN_SELF = YES;
				CLANG_WARN_OBJC_LITERAL_CONVERSION = YES;
				CLANG_WARN_OBJC_ROOT_CLASS = YES_ERROR;
				CLANG_WARN_RANGE_LOOP_ANALYSIS = YES;
				CLANG_WARN_STRICT_PROTOTYPES = YES;
				CLANG_WARN_SUSPICIOUS_MOVE = YES;
				CLANG_WARN_UNGUARDED_AVAILABILITY = YES_AGGRESSIVE;
				CLANG_WARN_UNREACHABLE_CODE = YES;
				CLANG_WARN__DUPLICATE_METHOD_MATCH = YES;
				CODE_SIGN_IDENTITY = "iPhone Developer";
				COPY_PHASE_STRIP = NO;
				DEBUG_INFORMATION_FORMAT = "dwarf-with-dsym";
				ENABLE_NS_ASSERTIONS = NO;
				ENABLE_STRICT_OBJC_MSGSEND = YES;
				GCC_C_LANGUAGE_STANDARD = gnu11;
				GCC_NO_COMMON_BLOCKS = YES;
				GCC_WARN_64_TO_32_BIT_CONVERSION = YES;
				GCC_WARN_ABOUT_RETURN_TYPE = YES_ERROR;
				GCC_WARN_UNDECLARED_SELECTOR = YES;
				GCC_WARN_UNINITIALIZED_AUTOS = YES_AGGRESSIVE;
				GCC_WARN_UNUSED_FUNCTION = YES;
				GCC_WARN_UNUSED_VARIABLE = YES;
				IPHONEOS_DEPLOYMENT_TARGET = 12.4;
				MTL_ENABLE_DEBUG_INFO = NO;
				MTL_FAST_MATH = YES;
				SDKROOT = iphoneos;
				SWIFT_COMPILATION_MODE = wholemodule;
				SWIFT_OPTIMIZATION_LEVEL = "-O";
				VALIDATE_PRODUCT = YES;
			};
			name = Release;
		};
		D64B6A482327372C0003EA1D /* Debug */ = {
			isa = XCBuildConfiguration;
			buildSettings = {
				ALWAYS_EMBED_SWIFT_STANDARD_LIBRARIES = YES;
				ASSETCATALOG_COMPILER_APPICON_NAME = AppIcon;
				CODE_SIGN_STYLE = Automatic;
				DEVELOPMENT_TEAM = 3XVDLP5XYQ;
				INFOPLIST_FILE = Calculator/Info.plist;
				LD_RUNPATH_SEARCH_PATHS = (
					"$(inherited)",
					"@executable_path/Frameworks",
				);
				PRODUCT_BUNDLE_IDENTIFIER = com.michaelstoffer.Calculator;
				PRODUCT_NAME = "$(TARGET_NAME)";
				SWIFT_VERSION = 5.0;
				TARGETED_DEVICE_FAMILY = "1,2";
			};
			name = Debug;
		};
		D64B6A492327372C0003EA1D /* Release */ = {
			isa = XCBuildConfiguration;
			buildSettings = {
				ALWAYS_EMBED_SWIFT_STANDARD_LIBRARIES = YES;
				ASSETCATALOG_COMPILER_APPICON_NAME = AppIcon;
				CODE_SIGN_STYLE = Automatic;
				DEVELOPMENT_TEAM = 3XVDLP5XYQ;
				INFOPLIST_FILE = Calculator/Info.plist;
				LD_RUNPATH_SEARCH_PATHS = (
					"$(inherited)",
					"@executable_path/Frameworks",
				);
				PRODUCT_BUNDLE_IDENTIFIER = com.michaelstoffer.Calculator;
				PRODUCT_NAME = "$(TARGET_NAME)";
				SWIFT_VERSION = 5.0;
				TARGETED_DEVICE_FAMILY = "1,2";
			};
			name = Release;
		};
		D6FC63C223989E9400CEB35C /* Debug */ = {
			isa = XCBuildConfiguration;
			buildSettings = {
				CODE_SIGN_STYLE = Automatic;
				DEVELOPMENT_TEAM = 3XVDLP5XYQ;
				INFOPLIST_FILE = "RPN Widget/Info.plist";
				IPHONEOS_DEPLOYMENT_TARGET = 13.2;
				LD_RUNPATH_SEARCH_PATHS = (
					"$(inherited)",
					"@executable_path/Frameworks",
					"@executable_path/../../Frameworks",
				);
				PRODUCT_BUNDLE_IDENTIFIER = "com.michaelstoffer.Calculator.RPN-Widget";
				PRODUCT_NAME = "$(TARGET_NAME)";
				SKIP_INSTALL = YES;
				SWIFT_VERSION = 5.0;
				TARGETED_DEVICE_FAMILY = "1,2";
			};
			name = Debug;
		};
		D6FC63C323989E9400CEB35C /* Release */ = {
			isa = XCBuildConfiguration;
			buildSettings = {
				CODE_SIGN_STYLE = Automatic;
				DEVELOPMENT_TEAM = 3XVDLP5XYQ;
				INFOPLIST_FILE = "RPN Widget/Info.plist";
				IPHONEOS_DEPLOYMENT_TARGET = 13.2;
				LD_RUNPATH_SEARCH_PATHS = (
					"$(inherited)",
					"@executable_path/Frameworks",
					"@executable_path/../../Frameworks",
				);
				PRODUCT_BUNDLE_IDENTIFIER = "com.michaelstoffer.Calculator.RPN-Widget";
				PRODUCT_NAME = "$(TARGET_NAME)";
				SKIP_INSTALL = YES;
				SWIFT_VERSION = 5.0;
				TARGETED_DEVICE_FAMILY = "1,2";
			};
			name = Release;
		};
/* End XCBuildConfiguration section */

/* Begin XCConfigurationList section */
		D64B6A302327372B0003EA1D /* Build configuration list for PBXProject "Calculator" */ = {
			isa = XCConfigurationList;
			buildConfigurations = (
				D64B6A452327372C0003EA1D /* Debug */,
				D64B6A462327372C0003EA1D /* Release */,
			);
			defaultConfigurationIsVisible = 0;
			defaultConfigurationName = Release;
		};
		D64B6A472327372C0003EA1D /* Build configuration list for PBXNativeTarget "Calculator" */ = {
			isa = XCConfigurationList;
			buildConfigurations = (
				D64B6A482327372C0003EA1D /* Debug */,
				D64B6A492327372C0003EA1D /* Release */,
			);
			defaultConfigurationIsVisible = 0;
			defaultConfigurationName = Release;
		};
		D6FC63C123989E9400CEB35C /* Build configuration list for PBXNativeTarget "RPN Widget" */ = {
			isa = XCConfigurationList;
			buildConfigurations = (
				D6FC63C223989E9400CEB35C /* Debug */,
				D6FC63C323989E9400CEB35C /* Release */,
			);
			defaultConfigurationIsVisible = 0;
			defaultConfigurationName = Release;
		};
/* End XCConfigurationList section */
	};
	rootObject = D64B6A2D2327372B0003EA1D /* Project object */;
}
